
Microsoft Visual Studio Solution File, Format Version 12.00
# Visual Studio Version 17
VisualStudioVersion = 17.4.33205.214
MinimumVisualStudioVersion = 10.0.40219.1
Project("{2150E333-8FDC-42A3-9474-1A3956D46DE8}") = "Domain", "Domain", "{F385451B-9E6D-418B-9F35-AFD7B48D5ECA}"
EndProject
Project("{2150E333-8FDC-42A3-9474-1A3956D46DE8}") = "Innfra.Bus", "Innfra.Bus", "{B82E6136-FDD9-412F-B266-E44B66771454}"
EndProject
Project("{2150E333-8FDC-42A3-9474-1A3956D46DE8}") = "Infra.IoC", "Infra.IoC", "{E8075B79-B7C9-46D2-A55D-EB5872750B7E}"
EndProject
Project("{2150E333-8FDC-42A3-9474-1A3956D46DE8}") = "Microservices", "Microservices", "{477E486E-E65A-4647-9897-A2A92C1085B6}"
EndProject
Project("{9A19103F-16F7-4668-BE54-9A1E7A4F7556}") = "MicroRabbit.Domain.Core", "MicroRabbit.Domain.Core\MicroRabbit.Domain.Core.csproj", "{4189762D-E9D2-4B80-9BBF-AA6C378D1CE5}"
EndProject
Project("{9A19103F-16F7-4668-BE54-9A1E7A4F7556}") = "MicroRabbit.Infra.Bus", "MicroRabbit.Infra.Bus\MicroRabbit.Infra.Bus.csproj", "{958A8AEC-1E5F-469E-8217-ED4E623BFEE1}"
EndProject
Project("{9A19103F-16F7-4668-BE54-9A1E7A4F7556}") = "MicroRabbit.Infra.IoC", "MicroRabbit.Infra.IoC\MicroRabbit.Infra.IoC.csproj", "{85A4034C-E351-4B7C-A905-2D1F7EBB1829}"
EndProject
Project("{2150E333-8FDC-42A3-9474-1A3956D46DE8}") = "Backing", "Backing", "{60306793-59A9-4D6E-92DB-B2DD05B70AF5}"
EndProject
Project("{2150E333-8FDC-42A3-9474-1A3956D46DE8}") = "Api", "Api", "{B4A462DD-4B33-49CC-B1E5-519DF06D6BF0}"
EndProject
Project("{2150E333-8FDC-42A3-9474-1A3956D46DE8}") = "Application", "Application", "{CDCF0A55-C7F4-4593-82F0-9ACD6CA5953C}"
EndProject
Project("{2150E333-8FDC-42A3-9474-1A3956D46DE8}") = "Domain", "Domain", "{4285ED93-CA7B-40CA-8D72-6C02F5B61943}"
EndProject
Project("{2150E333-8FDC-42A3-9474-1A3956D46DE8}") = "Data", "Data", "{E4C68C0E-8AEA-4567-AE05-DCBCE4AEBEB6}"
EndProject
Project("{9A19103F-16F7-4668-BE54-9A1E7A4F7556}") = "MicroRabbit.Baking.Api", "MicroRabbit.Baking.Api\MicroRabbit.Baking.Api.csproj", "{BDBBDF34-0D45-426C-A6F6-16CB36C42F7E}"
EndProject
Project("{9A19103F-16F7-4668-BE54-9A1E7A4F7556}") = "MicroRabbit.Baking.Application", "MicroRabbit.Baking.Application\MicroRabbit.Baking.Application.csproj", "{16844A86-A94B-40CA-8F12-A38FDF133442}"
EndProject
Project("{9A19103F-16F7-4668-BE54-9A1E7A4F7556}") = "MicroRabbit.Baking.Data", "MicroRabbit.Baking.Data\MicroRabbit.Baking.Data.csproj", "{5385B41B-32D7-4D9B-A135-7DD5C6271D79}"
EndProject
Project("{9A19103F-16F7-4668-BE54-9A1E7A4F7556}") = "MicroRabbit.Baking.Domain", "MicroRabbit.Baking.Domain\MicroRabbit.Baking.Domain.csproj", "{F4225D31-B639-45AD-BD35-5B6A7AE65F7A}"
EndProject
Project("{2150E333-8FDC-42A3-9474-1A3956D46DE8}") = "Transfer", "Transfer", "{1D63EB37-3E3E-43AC-8674-00429BF062FA}"
EndProject
Project("{2150E333-8FDC-42A3-9474-1A3956D46DE8}") = "Api", "Api", "{4E7A8B55-812F-4CE0-B1FA-3B765857799A}"
EndProject
Project("{2150E333-8FDC-42A3-9474-1A3956D46DE8}") = "Application", "Application", "{F60B0BF9-FE96-49D1-8202-AC57A870442D}"
EndProject
Project("{2150E333-8FDC-42A3-9474-1A3956D46DE8}") = "Data", "Data", "{596F3AD2-875A-4D48-BBB8-0F240AE358FE}"
EndProject
Project("{2150E333-8FDC-42A3-9474-1A3956D46DE8}") = "Domain", "Domain", "{64D2DAFE-C0D0-4B05-91A3-833FC47A2D55}"
EndProject
Project("{FAE04EC0-301F-11D3-BF4B-00C04F79EFBC}") = "MicroRabbit.Tranfer.Api", "MicroRabbit.Tranfer.Api\MicroRabbit.Tranfer.Api.csproj", "{442C13CA-A8A8-498C-A608-42964DFBF5FF}"
EndProject
Project("{FAE04EC0-301F-11D3-BF4B-00C04F79EFBC}") = "MicroRabbit.Transfer.Application", "MicroRabbit.Transfer.Application\MicroRabbit.Transfer.Application.csproj", "{0F90219A-06A3-4FFC-AC26-5E0016768690}"
EndProject
Project("{FAE04EC0-301F-11D3-BF4B-00C04F79EFBC}") = "MicroRabbit.Tranfer.Data", "MicroRabbit.Tranfer.Data\MicroRabbit.Tranfer.Data.csproj", "{3B7CA143-0402-4D79-B03A-DD2D8D086D87}"
EndProject
Project("{FAE04EC0-301F-11D3-BF4B-00C04F79EFBC}") = "MicroRabbit.Tranfer.Domain", "MicroRabbit.Tranfer.Domain\MicroRabbit.Tranfer.Domain.csproj", "{59C2384C-64AD-4A6F-A379-28A09E914031}"
EndProject
Global
	GlobalSection(SolutionConfigurationPlatforms) = preSolution
		Debug|Any CPU = Debug|Any CPU
		Release|Any CPU = Release|Any CPU
	EndGlobalSection
	GlobalSection(ProjectConfigurationPlatforms) = postSolution
		{4189762D-E9D2-4B80-9BBF-AA6C378D1CE5}.Debug|Any CPU.ActiveCfg = Debug|Any CPU
		{4189762D-E9D2-4B80-9BBF-AA6C378D1CE5}.Debug|Any CPU.Build.0 = Debug|Any CPU
		{4189762D-E9D2-4B80-9BBF-AA6C378D1CE5}.Release|Any CPU.ActiveCfg = Release|Any CPU
		{4189762D-E9D2-4B80-9BBF-AA6C378D1CE5}.Release|Any CPU.Build.0 = Release|Any CPU
		{958A8AEC-1E5F-469E-8217-ED4E623BFEE1}.Debug|Any CPU.ActiveCfg = Debug|Any CPU
		{958A8AEC-1E5F-469E-8217-ED4E623BFEE1}.Debug|Any CPU.Build.0 = Debug|Any CPU
		{958A8AEC-1E5F-469E-8217-ED4E623BFEE1}.Release|Any CPU.ActiveCfg = Release|Any CPU
		{958A8AEC-1E5F-469E-8217-ED4E623BFEE1}.Release|Any CPU.Build.0 = Release|Any CPU
		{85A4034C-E351-4B7C-A905-2D1F7EBB1829}.Debug|Any CPU.ActiveCfg = Debug|Any CPU
		{85A4034C-E351-4B7C-A905-2D1F7EBB1829}.Debug|Any CPU.Build.0 = Debug|Any CPU
		{85A4034C-E351-4B7C-A905-2D1F7EBB1829}.Release|Any CPU.ActiveCfg = Release|Any CPU
		{85A4034C-E351-4B7C-A905-2D1F7EBB1829}.Release|Any CPU.Build.0 = Release|Any CPU
		{BDBBDF34-0D45-426C-A6F6-16CB36C42F7E}.Debug|Any CPU.ActiveCfg = Debug|Any CPU
		{BDBBDF34-0D45-426C-A6F6-16CB36C42F7E}.Debug|Any CPU.Build.0 = Debug|Any CPU
		{BDBBDF34-0D45-426C-A6F6-16CB36C42F7E}.Release|Any CPU.ActiveCfg = Release|Any CPU
		{BDBBDF34-0D45-426C-A6F6-16CB36C42F7E}.Release|Any CPU.Build.0 = Release|Any CPU
		{16844A86-A94B-40CA-8F12-A38FDF133442}.Debug|Any CPU.ActiveCfg = Debug|Any CPU
		{16844A86-A94B-40CA-8F12-A38FDF133442}.Debug|Any CPU.Build.0 = Debug|Any CPU
		{16844A86-A94B-40CA-8F12-A38FDF133442}.Release|Any CPU.ActiveCfg = Release|Any CPU
		{16844A86-A94B-40CA-8F12-A38FDF133442}.Release|Any CPU.Build.0 = Release|Any CPU
		{5385B41B-32D7-4D9B-A135-7DD5C6271D79}.Debug|Any CPU.ActiveCfg = Debug|Any CPU
		{5385B41B-32D7-4D9B-A135-7DD5C6271D79}.Debug|Any CPU.Build.0 = Debug|Any CPU
		{5385B41B-32D7-4D9B-A135-7DD5C6271D79}.Release|Any CPU.ActiveCfg = Release|Any CPU
		{5385B41B-32D7-4D9B-A135-7DD5C6271D79}.Release|Any CPU.Build.0 = Release|Any CPU
		{F4225D31-B639-45AD-BD35-5B6A7AE65F7A}.Debug|Any CPU.ActiveCfg = Debug|Any CPU
		{F4225D31-B639-45AD-BD35-5B6A7AE65F7A}.Debug|Any CPU.Build.0 = Debug|Any CPU
		{F4225D31-B639-45AD-BD35-5B6A7AE65F7A}.Release|Any CPU.ActiveCfg = Release|Any CPU
		{F4225D31-B639-45AD-BD35-5B6A7AE65F7A}.Release|Any CPU.Build.0 = Release|Any CPU
		{442C13CA-A8A8-498C-A608-42964DFBF5FF}.Debug|Any CPU.ActiveCfg = Debug|Any CPU
		{442C13CA-A8A8-498C-A608-42964DFBF5FF}.Debug|Any CPU.Build.0 = Debug|Any CPU
		{442C13CA-A8A8-498C-A608-42964DFBF5FF}.Release|Any CPU.ActiveCfg = Release|Any CPU
		{442C13CA-A8A8-498C-A608-42964DFBF5FF}.Release|Any CPU.Build.0 = Release|Any CPU
		{0F90219A-06A3-4FFC-AC26-5E0016768690}.Debug|Any CPU.ActiveCfg = Debug|Any CPU
		{0F90219A-06A3-4FFC-AC26-5E0016768690}.Debug|Any CPU.Build.0 = Debug|Any CPU
		{0F90219A-06A3-4FFC-AC26-5E0016768690}.Release|Any CPU.ActiveCfg = Release|Any CPU
		{0F90219A-06A3-4FFC-AC26-5E0016768690}.Release|Any CPU.Build.0 = Release|Any CPU
		{3B7CA143-0402-4D79-B03A-DD2D8D086D87}.Debug|Any CPU.ActiveCfg = Debug|Any CPU
		{3B7CA143-0402-4D79-B03A-DD2D8D086D87}.Debug|Any CPU.Build.0 = Debug|Any CPU
		{3B7CA143-0402-4D79-B03A-DD2D8D086D87}.Release|Any CPU.ActiveCfg = Release|Any CPU
		{3B7CA143-0402-4D79-B03A-DD2D8D086D87}.Release|Any CPU.Build.0 = Release|Any CPU
		{59C2384C-64AD-4A6F-A379-28A09E914031}.Debug|Any CPU.ActiveCfg = Debug|Any CPU
		{59C2384C-64AD-4A6F-A379-28A09E914031}.Debug|Any CPU.Build.0 = Debug|Any CPU
		{59C2384C-64AD-4A6F-A379-28A09E914031}.Release|Any CPU.ActiveCfg = Release|Any CPU
		{59C2384C-64AD-4A6F-A379-28A09E914031}.Release|Any CPU.Build.0 = Release|Any CPU
	EndGlobalSection
	GlobalSection(SolutionProperties) = preSolution
		HideSolutionNode = FALSE
	EndGlobalSection
	GlobalSection(NestedProjects) = preSolution
		{4189762D-E9D2-4B80-9BBF-AA6C378D1CE5} = {F385451B-9E6D-418B-9F35-AFD7B48D5ECA}
		{958A8AEC-1E5F-469E-8217-ED4E623BFEE1} = {B82E6136-FDD9-412F-B266-E44B66771454}
		{85A4034C-E351-4B7C-A905-2D1F7EBB1829} = {E8075B79-B7C9-46D2-A55D-EB5872750B7E}
		{60306793-59A9-4D6E-92DB-B2DD05B70AF5} = {477E486E-E65A-4647-9897-A2A92C1085B6}
		{B4A462DD-4B33-49CC-B1E5-519DF06D6BF0} = {60306793-59A9-4D6E-92DB-B2DD05B70AF5}
		{CDCF0A55-C7F4-4593-82F0-9ACD6CA5953C} = {60306793-59A9-4D6E-92DB-B2DD05B70AF5}
		{4285ED93-CA7B-40CA-8D72-6C02F5B61943} = {60306793-59A9-4D6E-92DB-B2DD05B70AF5}
		{E4C68C0E-8AEA-4567-AE05-DCBCE4AEBEB6} = {60306793-59A9-4D6E-92DB-B2DD05B70AF5}
		{BDBBDF34-0D45-426C-A6F6-16CB36C42F7E} = {B4A462DD-4B33-49CC-B1E5-519DF06D6BF0}
		{16844A86-A94B-40CA-8F12-A38FDF133442} = {CDCF0A55-C7F4-4593-82F0-9ACD6CA5953C}
		{5385B41B-32D7-4D9B-A135-7DD5C6271D79} = {E4C68C0E-8AEA-4567-AE05-DCBCE4AEBEB6}
		{F4225D31-B639-45AD-BD35-5B6A7AE65F7A} = {4285ED93-CA7B-40CA-8D72-6C02F5B61943}
		{1D63EB37-3E3E-43AC-8674-00429BF062FA} = {477E486E-E65A-4647-9897-A2A92C1085B6}
		{4E7A8B55-812F-4CE0-B1FA-3B765857799A} = {1D63EB37-3E3E-43AC-8674-00429BF062FA}
		{F60B0BF9-FE96-49D1-8202-AC57A870442D} = {1D63EB37-3E3E-43AC-8674-00429BF062FA}
		{596F3AD2-875A-4D48-BBB8-0F240AE358FE} = {1D63EB37-3E3E-43AC-8674-00429BF062FA}
		{64D2DAFE-C0D0-4B05-91A3-833FC47A2D55} = {1D63EB37-3E3E-43AC-8674-00429BF062FA}
		{442C13CA-A8A8-498C-A608-42964DFBF5FF} = {4E7A8B55-812F-4CE0-B1FA-3B765857799A}
		{0F90219A-06A3-4FFC-AC26-5E0016768690} = {F60B0BF9-FE96-49D1-8202-AC57A870442D}
		{3B7CA143-0402-4D79-B03A-DD2D8D086D87} = {596F3AD2-875A-4D48-BBB8-0F240AE358FE}
		{59C2384C-64AD-4A6F-A379-28A09E914031} = {64D2DAFE-C0D0-4B05-91A3-833FC47A2D55}
	EndGlobalSection
	GlobalSection(ExtensibilityGlobals) = postSolution
		SolutionGuid = {7D757AF7-10FB-46F2-B8BB-BD799B066E1C}
	EndGlobalSection
EndGlobal
